
Microsoft Visual Studio Solution File, Format Version 12.00
# Visual Studio Version 17
VisualStudioVersion = 17.8.34525.116
MinimumVisualStudioVersion = 10.0.40219.1
Project("{FAE04EC0-301F-11D3-BF4B-00C04F79EFBC}") = "Competition", "Competition\Competition.csproj", "{AB19852F-C11A-45E1-89ED-77C338D05F9E}"
EndProject
Global
	GlobalSection(SolutionConfigurationPlatforms) = preSolution
		Debug|Any CPU = Debug|Any CPU
		Release|Any CPU = Release|Any CPU
	EndGlobalSection
	GlobalSection(ProjectConfigurationPlatforms) = postSolution
		{AB19852F-C11A-45E1-89ED-77C338D05F9E}.Debug|Any CPU.ActiveCfg = Debug|Any CPU
		{AB19852F-C11A-45E1-89ED-77C338D05F9E}.Debug|Any CPU.Build.0 = Debug|Any CPU
		{AB19852F-C11A-45E1-89ED-77C338D05F9E}.Release|Any CPU.ActiveCfg = Release|Any CPU
		{AB19852F-C11A-45E1-89ED-77C338D05F9E}.Release|Any CPU.Build.0 = Release|Any CPU
	EndGlobalSection
	GlobalSection(SolutionProperties) = preSolution
		HideSolutionNode = FALSE
	EndGlobalSection
	GlobalSection(ExtensibilityGlobals) = postSolution
		SolutionGuid = {E58870E3-B3B2-4BA4-ADAE-84229CAC38D5}
	EndGlobalSection
EndGlobal
